
Microsoft Visual Studio Solution File, Format Version 12.00
# Visual Studio 15
VisualStudioVersion = 15.0.28307.1169
MinimumVisualStudioVersion = 10.0.40219.1
Project("{FAE04EC0-301F-11D3-BF4B-00C04F79EFBC}") = "RegistrationandLogin", "RegistrationandLogin\RegistrationandLogin.csproj", "{04696EBC-11C5-45B3-8C6A-416DD2E7306A}"
EndProject
Global
	GlobalSection(SolutionConfigurationPlatforms) = preSolution
		Debug|Any CPU = Debug|Any CPU
		Release|Any CPU = Release|Any CPU
	EndGlobalSection
	GlobalSection(ProjectConfigurationPlatforms) = postSolution
		{04696EBC-11C5-45B3-8C6A-416DD2E7306A}.Debug|Any CPU.ActiveCfg = Debug|Any CPU
		{04696EBC-11C5-45B3-8C6A-416DD2E7306A}.Debug|Any CPU.Build.0 = Debug|Any CPU
		{04696EBC-11C5-45B3-8C6A-416DD2E7306A}.Release|Any CPU.ActiveCfg = Release|Any CPU
		{04696EBC-11C5-45B3-8C6A-416DD2E7306A}.Release|Any CPU.Build.0 = Release|Any CPU
	EndGlobalSection
	GlobalSection(SolutionProperties) = preSolution
		HideSolutionNode = FALSE
	EndGlobalSection
	GlobalSection(ExtensibilityGlobals) = postSolution
		SolutionGuid = {96F2F16F-329C-425A-AA21-18E04D540077}
	EndGlobalSection
EndGlobal
